
Microsoft Visual Studio Solution File, Format Version 12.00
# Visual Studio Version 16
VisualStudioVersion = 25.0.1703.5
MinimumVisualStudioVersion = 10.0.40219.1
Project("{FAE04EC0-301F-11D3-BF4B-00C04F79EFBC}") = "UniversityOfScienceTwo", "UniversityOfScienceTwo\UniversityOfScienceTwo.csproj", "{1C327A1A-B686-416E-8DED-819117C4F95A}"
EndProject
Global
	GlobalSection(SolutionConfigurationPlatforms) = preSolution
		Debug|Any CPU = Debug|Any CPU
		Release|Any CPU = Release|Any CPU
	EndGlobalSection
	GlobalSection(ProjectConfigurationPlatforms) = postSolution
		{1C327A1A-B686-416E-8DED-819117C4F95A}.Debug|Any CPU.ActiveCfg = Debug|Any CPU
		{1C327A1A-B686-416E-8DED-819117C4F95A}.Debug|Any CPU.Build.0 = Debug|Any CPU
		{1C327A1A-B686-416E-8DED-819117C4F95A}.Release|Any CPU.ActiveCfg = Release|Any CPU
		{1C327A1A-B686-416E-8DED-819117C4F95A}.Release|Any CPU.Build.0 = Release|Any CPU
	EndGlobalSection
	GlobalSection(SolutionProperties) = preSolution
		HideSolutionNode = FALSE
	EndGlobalSection
	GlobalSection(ExtensibilityGlobals) = postSolution
		SolutionGuid = {2536E79B-895B-443D-BF2B-6C8FF3531BB4}
	EndGlobalSection
EndGlobal
